# THIS IS AN AUTOGENERATED FILE. DO NOT EDIT THIS FILE DIRECTLY.
# yarn lockfile v1


"@types/webrtc@^0.0.31":
  version "0.0.31"
  resolved "https://registry.npmjs.org/@types/webrtc/-/webrtc-0.0.31.tgz#164b8d6f40ff0238b3e62604e8d23f7377125284"
  integrity sha512-GEoJIoM/ddxdaGnu0enJVDTdvwwr3/tPkpXz0LBTSi282gqxWDg1ffk4fzHU2dosNshp+Slq1kfGxpKs5083Nw==

tslib@^2.3.1:
  version "2.3.1"
  resolved "https://registry.npmjs.org/tslib/-/tslib-2.3.1.tgz#e8a335add5ceae51aa261d32a490158ef042ef01"
  integrity sha512-77EbyPPpMz+FRFRuAFlWMtmgUWGe9UOG2Z25NqCwiIjRhOf5iKGuzSe5P2w1laq+FkRy4p+PCuVkJSGkzTEKVw==

typescript@^4.5.2:
  version "4.5.2"
  resolved "https://registry.npmjs.org/typescript/-/typescript-4.5.2.tgz#8ac1fba9f52256fdb06fb89e4122fa6a346c2998"
  integrity sha512-5BlMof9H1yGt0P8/WF+wPNw6GfctgGjXp5hkblpyT+8rkASSmkUKMXrxR0Xg8ThVCi/JnHQiKXeBaEwCeQwMFw==
